{
  "lockfileVersion": 1,
  "configVersion": 1,
  "workspaces": {
    "": {
      "name": "@pakakas/benchmark",
      "dependencies": {
        "@anthropic-ai/tokenizer": "^0.0.4",
        "gpt-tokens": "latest",
        "llama3-tokenizer-js": "^1.2.0",
      },
    },
  },
  "packages": {
    "@anthropic-ai/tokenizer": ["@anthropic-ai/tokenizer@0.0.4", "", { "dependencies": { "@types/node": "^18.11.18", "tiktoken": "^1.0.10" } }, "sha512-EHRKbxlxlc8W4KCBEseByJ7YwyYCmgu9OyN59H9+IYIGPoKv8tXyQXinkeGDI+cI8Tiuz9wk2jZb/kK7AyvL7g=="],

    "@types/node": ["@types/node@18.19.130", "", { "dependencies": { "undici-types": "~5.26.4" } }, "sha512-GRaXQx6jGfL8sKfaIDD6OupbIHBr9jv7Jnaml9tB7l4v068PAOXqfcujMMo5PhbIs6ggR1XODELqahT2R8v0fg=="],

    "base64-js": ["base64-js@1.5.1", "", {}, "sha512-AKpaYlHn8t4SVbOHCy+b5+KKgvR4vrsD8vbvrbiQJps7fKDTkjkDry6ji0rUJjC0kzbNePLwzxq8iypo41qeWA=="],

    "decimal.js": ["decimal.js@10.6.0", "", {}, "sha512-YpgQiITW3JXGntzdUmyUR1V812Hn8T1YVXhCu+wO3OpS4eU9l4YdD3qjyiKdV6mvV29zapkMeD390UVEf2lkUg=="],

    "gpt-tokens": ["gpt-tokens@1.3.14", "", { "dependencies": { "decimal.js": "^10.4.3", "js-tiktoken": "^1.0.15", "openai-chat-tokens": "^0.2.8" } }, "sha512-cFNErQQYGWRwYmew0wVqhCBZxTvGNr96/9pMwNXqSNu9afxqB5PNHOKHlWtUC/P4UW6Ne2UQHHaO2PaWWLpqWQ=="],

    "js-tiktoken": ["js-tiktoken@1.0.21", "", { "dependencies": { "base64-js": "^1.5.1" } }, "sha512-biOj/6M5qdgx5TKjDnFT1ymSpM5tbd3ylwDtrQvFQSu0Z7bBYko2dF+W/aUkXUPuk6IVpRxk/3Q2sHOzGlS36g=="],

    "llama3-tokenizer-js": ["llama3-tokenizer-js@1.2.0", "", {}, "sha512-oMgIgK958UlvoEm3Lz/gAj3QAKpnAMb6YqlY0aTYraSK/c+V3TF3P7IWFQJe4yjM60+2/KoK+EWziec6WQ57/g=="],

    "openai-chat-tokens": ["openai-chat-tokens@0.2.8", "", { "dependencies": { "js-tiktoken": "^1.0.7" } }, "sha512-nW7QdFDIZlAYe6jsCT/VPJ/Lam3/w2DX9oxf/5wHpebBT49KI3TN43PPhYlq1klq2ajzXWKNOLY6U4FNZM7AoA=="],

    "tiktoken": ["tiktoken@1.0.22", "", {}, "sha512-PKvy1rVF1RibfF3JlXBSP0Jrcw2uq3yXdgcEXtKTYn3QJ/cBRBHDnrJ5jHky+MENZ6DIPwNUGWpkVx+7joCpNA=="],

    "undici-types": ["undici-types@5.26.5", "", {}, "sha512-JlCMO+ehdEIKqlFxk6IfVoAUVmgz7cU7zD/h9XZ0qzeosSHmUJVOzSQvvYSYWXkFXC+IfLKSIffhv0sVZup6pA=="],
  }
}
